
Microsoft Visual Studio Solution File, Format Version 12.00
# Visual Studio Version 16
VisualStudioVersion = 16.0.29806.167
MinimumVisualStudioVersion = 10.0.40219.1
Project("{9A19103F-16F7-4668-BE54-9A1E7A4F7556}") = "AnagramSolver.BusinessLogic", "AnagramSolver.BusinessLogic\AnagramSolver.BusinessLogic.csproj", "{DC8B4413-BC9C-4D64-AF3B-1E3A28A69EF7}"
EndProject
Project("{9A19103F-16F7-4668-BE54-9A1E7A4F7556}") = "AnagramSolver.Contracts", "AnagramSolver.Contracts\AnagramSolver.Contracts.csproj", "{B1BB392F-D1AF-49BD-9E4B-834965D3B849}"
EndProject
Project("{9A19103F-16F7-4668-BE54-9A1E7A4F7556}") = "AnagramSolver.Console", "AnagramSolver.Console\AnagramSolver.Console.csproj", "{11FC78B8-3704-4E5C-AB37-FA8CF341ED9C}"
EndProject
Project("{9A19103F-16F7-4668-BE54-9A1E7A4F7556}") = "AnagramSolver.Test", "AnagramSolver.Test\AnagramSolver.Test.csproj", "{8234408B-6E63-4904-BEDA-2F3A4714A9B0}"
EndProject
Project("{9A19103F-16F7-4668-BE54-9A1E7A4F7556}") = "AnagramSolver.WebApp", "AnagramSolver.WebApp\AnagramSolver.WebApp.csproj", "{BBBD3D31-A5B5-45B8-B5E2-D32B4BA9EF74}"
EndProject
Project("{FAE04EC0-301F-11D3-BF4B-00C04F79EFBC}") = "AnagramSolver.DatabaseLogic", "AnagramSolver.DatabaseLogic\AnagramSolver.DatabaseLogic.csproj", "{C2C7A212-76B0-40D5-9E31-7263641040CB}"
EndProject
Global
	GlobalSection(SolutionConfigurationPlatforms) = preSolution
		Debug|Any CPU = Debug|Any CPU
		Release|Any CPU = Release|Any CPU
	EndGlobalSection
	GlobalSection(ProjectConfigurationPlatforms) = postSolution
		{DC8B4413-BC9C-4D64-AF3B-1E3A28A69EF7}.Debug|Any CPU.ActiveCfg = Debug|Any CPU
		{DC8B4413-BC9C-4D64-AF3B-1E3A28A69EF7}.Debug|Any CPU.Build.0 = Debug|Any CPU
		{DC8B4413-BC9C-4D64-AF3B-1E3A28A69EF7}.Release|Any CPU.ActiveCfg = Release|Any CPU
		{DC8B4413-BC9C-4D64-AF3B-1E3A28A69EF7}.Release|Any CPU.Build.0 = Release|Any CPU
		{B1BB392F-D1AF-49BD-9E4B-834965D3B849}.Debug|Any CPU.ActiveCfg = Debug|Any CPU
		{B1BB392F-D1AF-49BD-9E4B-834965D3B849}.Debug|Any CPU.Build.0 = Debug|Any CPU
		{B1BB392F-D1AF-49BD-9E4B-834965D3B849}.Release|Any CPU.ActiveCfg = Release|Any CPU
		{B1BB392F-D1AF-49BD-9E4B-834965D3B849}.Release|Any CPU.Build.0 = Release|Any CPU
		{11FC78B8-3704-4E5C-AB37-FA8CF341ED9C}.Debug|Any CPU.ActiveCfg = Debug|Any CPU
		{11FC78B8-3704-4E5C-AB37-FA8CF341ED9C}.Debug|Any CPU.Build.0 = Debug|Any CPU
		{11FC78B8-3704-4E5C-AB37-FA8CF341ED9C}.Release|Any CPU.ActiveCfg = Release|Any CPU
		{11FC78B8-3704-4E5C-AB37-FA8CF341ED9C}.Release|Any CPU.Build.0 = Release|Any CPU
		{8234408B-6E63-4904-BEDA-2F3A4714A9B0}.Debug|Any CPU.ActiveCfg = Debug|Any CPU
		{8234408B-6E63-4904-BEDA-2F3A4714A9B0}.Debug|Any CPU.Build.0 = Debug|Any CPU
		{8234408B-6E63-4904-BEDA-2F3A4714A9B0}.Release|Any CPU.ActiveCfg = Release|Any CPU
		{8234408B-6E63-4904-BEDA-2F3A4714A9B0}.Release|Any CPU.Build.0 = Release|Any CPU
		{BBBD3D31-A5B5-45B8-B5E2-D32B4BA9EF74}.Debug|Any CPU.ActiveCfg = Debug|Any CPU
		{BBBD3D31-A5B5-45B8-B5E2-D32B4BA9EF74}.Debug|Any CPU.Build.0 = Debug|Any CPU
		{BBBD3D31-A5B5-45B8-B5E2-D32B4BA9EF74}.Release|Any CPU.ActiveCfg = Release|Any CPU
		{BBBD3D31-A5B5-45B8-B5E2-D32B4BA9EF74}.Release|Any CPU.Build.0 = Release|Any CPU
		{C2C7A212-76B0-40D5-9E31-7263641040CB}.Debug|Any CPU.ActiveCfg = Debug|Any CPU
		{C2C7A212-76B0-40D5-9E31-7263641040CB}.Debug|Any CPU.Build.0 = Debug|Any CPU
		{C2C7A212-76B0-40D5-9E31-7263641040CB}.Release|Any CPU.ActiveCfg = Release|Any CPU
		{C2C7A212-76B0-40D5-9E31-7263641040CB}.Release|Any CPU.Build.0 = Release|Any CPU
	EndGlobalSection
	GlobalSection(SolutionProperties) = preSolution
		HideSolutionNode = FALSE
	EndGlobalSection
	GlobalSection(ExtensibilityGlobals) = postSolution
		SolutionGuid = {A3CD0AA5-C7B1-4A07-B6AD-CFFAEB070797}
	EndGlobalSection
EndGlobal
